
Microsoft Visual Studio Solution File, Format Version 12.00
# Visual Studio Version 16
VisualStudioVersion = 25.0.1704.5
MinimumVisualStudioVersion = 10.0.40219.1
Project("{FAE04EC0-301F-11D3-BF4B-00C04F79EFBC}") = "redditech", "redditech.csproj", "{BA61C514-A196-4D37-A3DA-2D13727E30C7}"
EndProject
Global
	GlobalSection(SolutionConfigurationPlatforms) = preSolution
		Debug|Any CPU = Debug|Any CPU
		Release|Any CPU = Release|Any CPU
	EndGlobalSection
	GlobalSection(ProjectConfigurationPlatforms) = postSolution
		{BA61C514-A196-4D37-A3DA-2D13727E30C7}.Debug|Any CPU.ActiveCfg = Debug|Any CPU
		{BA61C514-A196-4D37-A3DA-2D13727E30C7}.Debug|Any CPU.Build.0 = Debug|Any CPU
		{BA61C514-A196-4D37-A3DA-2D13727E30C7}.Release|Any CPU.ActiveCfg = Release|Any CPU
		{BA61C514-A196-4D37-A3DA-2D13727E30C7}.Release|Any CPU.Build.0 = Release|Any CPU
	EndGlobalSection
	GlobalSection(SolutionProperties) = preSolution
		HideSolutionNode = FALSE
	EndGlobalSection
	GlobalSection(ExtensibilityGlobals) = postSolution
		SolutionGuid = {B75E532F-AD1D-44F3-A30E-1C3870729165}
	EndGlobalSection
	GlobalSection(MonoDevelopProperties) = preSolution
		Policies = $0
		$0.TextStylePolicy = $1
		$1.inheritsSet = null
		$1.scope = application/manifest+xml
		$0.XmlFormattingPolicy = $2
		$2.inheritsSet = null
		$2.scope = application/manifest+xml
		$0.StandardHeader = $3
	EndGlobalSection
EndGlobal
